
Microsoft Visual Studio Solution File, Format Version 12.00
# Visual Studio Version 17
VisualStudioVersion = 17.1.32210.238
MinimumVisualStudioVersion = 10.0.40219.1
Project("{FAE04EC0-301F-11D3-BF4B-00C04F79EFBC}") = "MyEmployee", "MyEmployee\MyEmployee.csproj", "{8D46A828-07BE-45E9-B07A-EAAEA3476C26}"
EndProject
Global
	GlobalSection(SolutionConfigurationPlatforms) = preSolution
		Debug|Any CPU = Debug|Any CPU
		Release|Any CPU = Release|Any CPU
	EndGlobalSection
	GlobalSection(ProjectConfigurationPlatforms) = postSolution
		{8D46A828-07BE-45E9-B07A-EAAEA3476C26}.Debug|Any CPU.ActiveCfg = Debug|Any CPU
		{8D46A828-07BE-45E9-B07A-EAAEA3476C26}.Debug|Any CPU.Build.0 = Debug|Any CPU
		{8D46A828-07BE-45E9-B07A-EAAEA3476C26}.Release|Any CPU.ActiveCfg = Release|Any CPU
		{8D46A828-07BE-45E9-B07A-EAAEA3476C26}.Release|Any CPU.Build.0 = Release|Any CPU
	EndGlobalSection
	GlobalSection(SolutionProperties) = preSolution
		HideSolutionNode = FALSE
	EndGlobalSection
	GlobalSection(ExtensibilityGlobals) = postSolution
		SolutionGuid = {EA17DDFB-EC86-49D5-A809-3EF8D3942960}
	EndGlobalSection
EndGlobal
